
Microsoft Visual Studio Solution File, Format Version 12.00
# Visual Studio Version 17
VisualStudioVersion = 17.13.35828.75 d17.13
MinimumVisualStudioVersion = 10.0.40219.1
Project("{FAE04EC0-301F-11D3-BF4B-00C04F79EFBC}") = "ClothingStore.Presentation.Layer", "ClothingStore.Presentation.Layer\ClothingStore.Presentation.Layer.csproj", "{9E356BB8-EC09-460D-81F7-7D8090D48C01}"
EndProject
Global
	GlobalSection(SolutionConfigurationPlatforms) = preSolution
		Debug|Any CPU = Debug|Any CPU
		Release|Any CPU = Release|Any CPU
	EndGlobalSection
	GlobalSection(ProjectConfigurationPlatforms) = postSolution
		{9E356BB8-EC09-460D-81F7-7D8090D48C01}.Debug|Any CPU.ActiveCfg = Debug|Any CPU
		{9E356BB8-EC09-460D-81F7-7D8090D48C01}.Debug|Any CPU.Build.0 = Debug|Any CPU
		{9E356BB8-EC09-460D-81F7-7D8090D48C01}.Release|Any CPU.ActiveCfg = Release|Any CPU
		{9E356BB8-EC09-460D-81F7-7D8090D48C01}.Release|Any CPU.Build.0 = Release|Any CPU
	EndGlobalSection
	GlobalSection(SolutionProperties) = preSolution
		HideSolutionNode = FALSE
	EndGlobalSection
	GlobalSection(ExtensibilityGlobals) = postSolution
		SolutionGuid = {0AFFA6CD-FAFE-456D-875F-AFBD47AD04E6}
	EndGlobalSection
EndGlobal
